{
  "nodes": {
    "crane": {
      "locked": {
        "lastModified": 1784172867,
        "narHash": "sha256-hzzeOgTP0MXMvg4djVwysTDvvUXIpsUCgsA0wPMF/Qk=",
        "owner": "ipetkov",
        "repo": "crane",
        "rev": "8833b7dc3c7426ce1110ed6fed31b6f63d74f2dc",
        "type": "github"
      },
      "original": {
        "owner": "ipetkov",
        "repo": "crane",
        "type": "github"
      }
    },
    "flake-parts": {
      "inputs": {
        "nixpkgs-lib": [
          "nixpkgs"
        ]
      },
      "locked": {
        "lastModified": 1782949081,
        "narHash": "sha256-vp6Y/Grm98ESt6ceOkWiHWyZRDV3J1RID4w+6NWK9yA=",
        "owner": "hercules-ci",
        "repo": "flake-parts",
        "rev": "17c9d6cdfc60c64f4ee8d306f9bc0b4ccb51481e",
        "type": "github"
      },
      "original": {
        "owner": "hercules-ci",
        "repo": "flake-parts",
        "type": "github"
      }
    },
    "nixpkgs": {
      "locked": {
        "lastModified": 1784011430,
        "narHash": "sha256-lDebytrYdd47IBLwvNOD+6AGeoqZ78CIKlp70hzW280=",
        "rev": "8eeec934ae0dbeca3d7868c059568a65c08b2fc3",
        "revCount": 1009228,
        "type": "tarball",
        "url": "https://api.flakehub.com/f/pinned/NixOS/nixpkgs/0.2605.1009228%2Brev-8eeec934ae0dbeca3d7868c059568a65c08b2fc3/019f61c3-3a8b-7a20-ab58-73d6d128ab25/source.tar.gz"
      },
      "original": {
        "type": "tarball",
        "url": "https://flakehub.com/f/NixOS/nixpkgs/0"
      }
    },
    "root": {
      "inputs": {
        "crane": "crane",
        "flake-parts": "flake-parts",
        "nixpkgs": "nixpkgs"
      }
    }
  },
  "root": "root",
  "version": 7
}
